
Microsoft Visual Studio Solution File, Format Version 12.00
# Visual Studio Version 16
VisualStudioVersion = 16.0.810.20
MinimumVisualStudioVersion = 10.0.40219.1
Project("{FAE04EC0-301F-11D3-BF4B-00C04F79EFBC}") = "TaskListDemo", "TaskListDemo\TaskListDemo.csproj", "{1EB602C4-393E-4523-9389-13DC4BB608F9}"
EndProject
Global
	GlobalSection(SolutionConfigurationPlatforms) = preSolution
		Debug|anycpu = Debug|anycpu
		Release|anycpu = Release|anycpu
	EndGlobalSection
	GlobalSection(ProjectConfigurationPlatforms) = postSolution
		{1EB602C4-393E-4523-9389-13DC4BB608F9}.Debug|anycpu.ActiveCfg = Debug|anycpu
		{1EB602C4-393E-4523-9389-13DC4BB608F9}.Debug|anycpu.Build.0 = Debug|anycpu
		{1EB602C4-393E-4523-9389-13DC4BB608F9}.Release|anycpu.ActiveCfg = Release|anycpu
		{1EB602C4-393E-4523-9389-13DC4BB608F9}.Release|anycpu.Build.0 = Release|anycpu
	EndGlobalSection
	GlobalSection(SolutionProperties) = preSolution
		HideSolutionNode = FALSE
	EndGlobalSection
	GlobalSection(ExtensibilityGlobals) = postSolution
		SolutionGuid = {4B066C96-CD14-437D-B921-CFB6B4597661}
	EndGlobalSection
EndGlobal
